// !$*UTF8*$!
{
	archiveVersion = 1;
	classes = {
	};
	objectVersion = 55;
	objects = {

/* Begin PBXBuildFile section */
		C157B13D2806E062008BA49D /* AppDelegate.swift in Sources */ = {isa = PBXBuildFile; fileRef = C157B13C2806E062008BA49D /* AppDelegate.swift */; };
		C157B13F2806E062008BA49D /* SceneDelegate.swift in Sources */ = {isa = PBXBuildFile; fileRef = C157B13E2806E062008BA49D /* SceneDelegate.swift */; };
		C157B1412806E062008BA49D /* ViewController.swift in Sources */ = {isa = PBXBuildFile; fileRef = C157B1402806E062008BA49D /* ViewController.swift */; };
		C157B1442806E062008BA49D /* Main.storyboard in Resources */ = {isa = PBXBuildFile; fileRef = C157B1422806E062008BA49D /* Main.storyboard */; };
		C157B1462806E075008BA49D /* Assets.xcassets in Resources */ = {isa = PBXBuildFile; fileRef = C157B1452806E075008BA49D /* Assets.xcassets */; };
		C157B1492806E075008BA49D /* LaunchScreen.storyboard in Resources */ = {isa = PBXBuildFile; fileRef = C157B1472806E075008BA49D /* LaunchScreen.storyboard */; };
		C157B1522806E673008BA49D /* App Flow Diagram.png in Resources */ = {isa = PBXBuildFile; fileRef = C157B1512806E673008BA49D /* App Flow Diagram.png */; };
/* End PBXBuildFile section */

/* Begin PBXFileReference section */
		C157B1392806E062008BA49D /* MVVM_DelegateProtocol.app */ = {isa = PBXFileReference; explicitFileType = wrapper.application; includeInIndex = 0; path = MVVM_DelegateProtocol.app; sourceTree = BUILT_PRODUCTS_DIR; };
		C157B13C2806E062008BA49D /* AppDelegate.swift */ = {isa = PBXFileReference; lastKnownFileType = sourcecode.swift; path = AppDelegate.swift; sourceTree = "<group>"; };
		C157B13E2806E062008BA49D /* SceneDelegate.swift */ = {isa = PBXFileReference; lastKnownFileType = sourcecode.swift; path = SceneDelegate.swift; sourceTree = "<group>"; };
		C157B1402806E062008BA49D /* ViewController.swift */ = {isa = PBXFileReference; lastKnownFileType = sourcecode.swift; path = ViewController.swift; sourceTree = "<group>"; };
		C157B1432806E062008BA49D /* Base */ = {isa = PBXFileReference; lastKnownFileType = file.storyboard; name = Base; path = Base.lproj/Main.storyboard; sourceTree = "<group>"; };
		C157B1452806E075008BA49D /* Assets.xcassets */ = {isa = PBXFileReference; lastKnownFileType = folder.assetcatalog; path = Assets.xcassets; sourceTree = "<group>"; };
		C157B1482806E075008BA49D /* Base */ = {isa = PBXFileReference; lastKnownFileType = file.storyboard; name = Base; path = Base.lproj/LaunchScreen.storyboard; sourceTree = "<group>"; };
		C157B14A2806E075008BA49D /* Info.plist */ = {isa = PBXFileReference; lastKnownFileType = text.plist.xml; path = Info.plist; sourceTree = "<group>"; };
		C157B1502806E30F008BA49D /* Info.md */ = {isa = PBXFileReference; lastKnownFileType = net.daringfireball.markdown; path = Info.md; sourceTree = "<group>"; };
		C157B1512806E673008BA49D /* App Flow Diagram.png */ = {isa = PBXFileReference; lastKnownFileType = image.png; path = "App Flow Diagram.png"; sourceTree = "<group>"; };
/* End PBXFileReference section */

/* Begin PBXFrameworksBuildPhase section */
		C157B1362806E060008BA49D /* Frameworks */ = {
			isa = PBXFrameworksBuildPhase;
			buildActionMask = 2147483647;
			files = (
			);
			runOnlyForDeploymentPostprocessing = 0;
		};
/* End PBXFrameworksBuildPhase section */

/* Begin PBXGroup section */
		C157B1302806E060008BA49D = {
			isa = PBXGroup;
			children = (
				C157B1502806E30F008BA49D /* Info.md */,
				C157B1512806E673008BA49D /* App Flow Diagram.png */,
				C157B13B2806E062008BA49D /* MVVM_DelegateProtocol */,
				C157B13A2806E062008BA49D /* Products */,
			);
			sourceTree = "<group>";
		};
		C157B13A2806E062008BA49D /* Products */ = {
			isa = PBXGroup;
			children = (
				C157B1392806E062008BA49D /* MVVM_DelegateProtocol.app */,
			);
			name = Products;
			sourceTree = "<group>";
		};
		C157B13B2806E062008BA49D /* MVVM_DelegateProtocol */ = {
			isa = PBXGroup;
			children = (
				C157B1562806E8C1008BA49D /* Services */,
				C157B1572806E8D2008BA49D /* Validations */,
				C157B1532806E896008BA49D /* Model */,
				C157B1542806E89D008BA49D /* View */,
				C157B1552806E8AE008BA49D /* ViewModel */,
				C157B13C2806E062008BA49D /* AppDelegate.swift */,
				C157B13E2806E062008BA49D /* SceneDelegate.swift */,
				C157B1402806E062008BA49D /* ViewController.swift */,
				C157B1422806E062008BA49D /* Main.storyboard */,
				C157B1452806E075008BA49D /* Assets.xcassets */,
				C157B1472806E075008BA49D /* LaunchScreen.storyboard */,
				C157B14A2806E075008BA49D /* Info.plist */,
			);
			path = MVVM_DelegateProtocol;
			sourceTree = "<group>";
		};
		C157B1532806E896008BA49D /* Model */ = {
			isa = PBXGroup;
			children = (
			);
			path = Model;
			sourceTree = "<group>";
		};
		C157B1542806E89D008BA49D /* View */ = {
			isa = PBXGroup;
			children = (
			);
			path = View;
			sourceTree = "<group>";
		};
		C157B1552806E8AE008BA49D /* ViewModel */ = {
			isa = PBXGroup;
			children = (
			);
			path = ViewModel;
			sourceTree = "<group>";
		};
		C157B1562806E8C1008BA49D /* Services */ = {
			isa = PBXGroup;
			children = (
			);
			path = Services;
			sourceTree = "<group>";
		};
		C157B1572806E8D2008BA49D /* Validations */ = {
			isa = PBXGroup;
			children = (
			);
			path = Validations;
			sourceTree = "<group>";
		};
/* End PBXGroup section */

/* Begin PBXNativeTarget section */
		C157B1382806E060008BA49D /* MVVM_DelegateProtocol */ = {
			isa = PBXNativeTarget;
			buildConfigurationList = C157B14D2806E075008BA49D /* Build configuration list for PBXNativeTarget "MVVM_DelegateProtocol" */;
			buildPhases = (
				C157B1352806E060008BA49D /* Sources */,
				C157B1362806E060008BA49D /* Frameworks */,
				C157B1372806E060008BA49D /* Resources */,
			);
			buildRules = (
			);
			dependencies = (
			);
			name = MVVM_DelegateProtocol;
			productName = MVVM_DelegateProtocol;
			productReference = C157B1392806E062008BA49D /* MVVM_DelegateProtocol.app */;
			productType = "com.apple.product-type.application";
		};
/* End PBXNativeTarget section */

/* Begin PBXProject section */
		C157B1312806E060008BA49D /* Project object */ = {
			isa = PBXProject;
			attributes = {
				BuildIndependentTargetsInParallel = 1;
				LastSwiftUpdateCheck = 1310;
				LastUpgradeCheck = 1310;
				TargetAttributes = {
					C157B1382806E060008BA49D = {
						CreatedOnToolsVersion = 13.1;
					};
				};
			};
			buildConfigurationList = C157B1342806E060008BA49D /* Build configuration list for PBXProject "MVVM_DelegateProtocol" */;
			compatibilityVersion = "Xcode 13.0";
			developmentRegion = en;
			hasScannedForEncodings = 0;
			knownRegions = (
				en,
				Base,
			);
			mainGroup = C157B1302806E060008BA49D;
			productRefGroup = C157B13A2806E062008BA49D /* Products */;
			projectDirPath = "";
			projectRoot = "";
			targets = (
				C157B1382806E060008BA49D /* MVVM_DelegateProtocol */,
			);
		};
/* End PBXProject section */

/* Begin PBXResourcesBuildPhase section */
		C157B1372806E060008BA49D /* Resources */ = {
			isa = PBXResourcesBuildPhase;
			buildActionMask = 2147483647;
			files = (
				C157B1492806E075008BA49D /* LaunchScreen.storyboard in Resources */,
				C157B1522806E673008BA49D /* App Flow Diagram.png in Resources */,
				C157B1462806E075008BA49D /* Assets.xcassets in Resources */,
				C157B1442806E062008BA49D /* Main.storyboard in Resources */,
			);
			runOnlyForDeploymentPostprocessing = 0;
		};
/* End PBXResourcesBuildPhase section */

/* Begin PBXSourcesBuildPhase section */
		C157B1352806E060008BA49D /* Sources */ = {
			isa = PBXSourcesBuildPhase;
			buildActionMask = 2147483647;
			files = (
				C157B1412806E062008BA49D /* ViewController.swift in Sources */,
				C157B13D2806E062008BA49D /* AppDelegate.swift in Sources */,
				C157B13F2806E062008BA49D /* SceneDelegate.swift in Sources */,
			);
			runOnlyForDeploymentPostprocessing = 0;
		};
/* End PBXSourcesBuildPhase section */

/* Begin PBXVariantGroup section */
		C157B1422806E062008BA49D /* Main.storyboard */ = {
			isa = PBXVariantGroup;
			children = (
				C157B1432806E062008BA49D /* Base */,
			);
			name = Main.storyboard;
			sourceTree = "<group>";
		};
		C157B1472806E075008BA49D /* LaunchScreen.storyboard */ = {
			isa = PBXVariantGroup;
			children = (
				C157B1482806E075008BA49D /* Base */,
			);
			name = LaunchScreen.storyboard;
			sourceTree = "<group>";
		};
/* End PBXVariantGroup section */

/* Begin XCBuildConfiguration section */
		C157B14B2806E075008BA49D /* Debug */ = {
			isa = XCBuildConfiguration;
			buildSettings = {
				ALWAYS_SEARCH_USER_PATHS = NO;
				CLANG_ANALYZER_NONNULL = YES;
				CLANG_ANALYZER_NUMBER_OBJECT_CONVERSION = YES_AGGRESSIVE;
				CLANG_CXX_LANGUAGE_STANDARD = "gnu++17";
				CLANG_CXX_LIBRARY = "libc++";
				CLANG_ENABLE_MODULES = YES;
				CLANG_ENABLE_OBJC_ARC = YES;
				CLANG_ENABLE_OBJC_WEAK = YES;
				CLANG_WARN_BLOCK_CAPTURE_AUTORELEASING = YES;
				CLANG_WARN_BOOL_CONVERSION = YES;
				CLANG_WARN_COMMA = YES;
				CLANG_WARN_CONSTANT_CONVERSION = YES;
				CLANG_WARN_DEPRECATED_OBJC_IMPLEMENTATIONS = YES;
				CLANG_WARN_DIRECT_OBJC_ISA_USAGE = YES_ERROR;
				CLANG_WARN_DOCUMENTATION_COMMENTS = YES;
				CLANG_WARN_EMPTY_BODY = YES;
				CLANG_WARN_ENUM_CONVERSION = YES;
				CLANG_WARN_INFINITE_RECURSION = YES;
				CLANG_WARN_INT_CONVERSION = YES;
				CLANG_WARN_NON_LITERAL_NULL_CONVERSION = YES;
				CLANG_WARN_OBJC_IMPLICIT_RETAIN_SELF = YES;
				CLANG_WARN_OBJC_LITERAL_CONVERSION = YES;
				CLANG_WARN_OBJC_ROOT_CLASS = YES_ERROR;
				CLANG_WARN_QUOTED_INCLUDE_IN_FRAMEWORK_HEADER = YES;
				CLANG_WARN_RANGE_LOOP_ANALYSIS = YES;
				CLANG_WARN_STRICT_PROTOTYPES = YES;
				CLANG_WARN_SUSPICIOUS_MOVE = YES;
				CLANG_WARN_UNGUARDED_AVAILABILITY = YES_AGGRESSIVE;
				CLANG_WARN_UNREACHABLE_CODE = YES;
				CLANG_WARN__DUPLICATE_METHOD_MATCH = YES;
				COPY_PHASE_STRIP = NO;
				DEBUG_INFORMATION_FORMAT = dwarf;
				ENABLE_STRICT_OBJC_MSGSEND = YES;
				ENABLE_TESTABILITY = YES;
				GCC_C_LANGUAGE_STANDARD = gnu11;
				GCC_DYNAMIC_NO_PIC = NO;
				GCC_NO_COMMON_BLOCKS = YES;
				GCC_OPTIMIZATION_LEVEL = 0;
				GCC_PREPROCESSOR_DEFINITIONS = (
					"DEBUG=1",
					"$(inherited)",
				);
				GCC_WARN_64_TO_32_BIT_CONVERSION = YES;
				GCC_WARN_ABOUT_RETURN_TYPE = YES_ERROR;
				GCC_WARN_UNDECLARED_SELECTOR = YES;
				GCC_WARN_UNINITIALIZED_AUTOS = YES_AGGRESSIVE;
				GCC_WARN_UNUSED_FUNCTION = YES;
				GCC_WARN_UNUSED_VARIABLE = YES;
				IPHONEOS_DEPLOYMENT_TARGET = 15.0;
				MTL_ENABLE_DEBUG_INFO = INCLUDE_SOURCE;
				MTL_FAST_MATH = YES;
				ONLY_ACTIVE_ARCH = YES;
				SDKROOT = iphoneos;
				SWIFT_ACTIVE_COMPILATION_CONDITIONS = DEBUG;
				SWIFT_OPTIMIZATION_LEVEL = "-Onone";
			};
			name = Debug;
		};
		C157B14C2806E075008BA49D /* Release */ = {
			isa = XCBuildConfiguration;
			buildSettings = {
				ALWAYS_SEARCH_USER_PATHS = NO;
				CLANG_ANALYZER_NONNULL = YES;
				CLANG_ANALYZER_NUMBER_OBJECT_CONVERSION = YES_AGGRESSIVE;
				CLANG_CXX_LANGUAGE_STANDARD = "gnu++17";
				CLANG_CXX_LIBRARY = "libc++";
				CLANG_ENABLE_MODULES = YES;
				CLANG_ENABLE_OBJC_ARC = YES;
				CLANG_ENABLE_OBJC_WEAK = YES;
				CLANG_WARN_BLOCK_CAPTURE_AUTORELEASING = YES;
				CLANG_WARN_BOOL_CONVERSION = YES;
				CLANG_WARN_COMMA = YES;
				CLANG_WARN_CONSTANT_CONVERSION = YES;
				CLANG_WARN_DEPRECATED_OBJC_IMPLEMENTATIONS = YES;
				CLANG_WARN_DIRECT_OBJC_ISA_USAGE = YES_ERROR;
				CLANG_WARN_DOCUMENTATION_COMMENTS = YES;
				CLANG_WARN_EMPTY_BODY = YES;
				CLANG_WARN_ENUM_CONVERSION = YES;
				CLANG_WARN_INFINITE_RECURSION = YES;
				CLANG_WARN_INT_CONVERSION = YES;
				CLANG_WARN_NON_LITERAL_NULL_CONVERSION = YES;
				CLANG_WARN_OBJC_IMPLICIT_RETAIN_SELF = YES;
				CLANG_WARN_OBJC_LITERAL_CONVERSION = YES;
				CLANG_WARN_OBJC_ROOT_CLASS = YES_ERROR;
				CLANG_WARN_QUOTED_INCLUDE_IN_FRAMEWORK_HEADER = YES;
				CLANG_WARN_RANGE_LOOP_ANALYSIS = YES;
				CLANG_WARN_STRICT_PROTOTYPES = YES;
				CLANG_WARN_SUSPICIOUS_MOVE = YES;
				CLANG_WARN_UNGUARDED_AVAILABILITY = YES_AGGRESSIVE;
				CLANG_WARN_UNREACHABLE_CODE = YES;
				CLANG_WARN__DUPLICATE_METHOD_MATCH = YES;
				COPY_PHASE_STRIP = NO;
				DEBUG_INFORMATION_FORMAT = "dwarf-with-dsym";
				ENABLE_NS_ASSERTIONS = NO;
				ENABLE_STRICT_OBJC_MSGSEND = YES;
				GCC_C_LANGUAGE_STANDARD = gnu11;
				GCC_NO_COMMON_BLOCKS = YES;
				GCC_WARN_64_TO_32_BIT_CONVERSION = YES;
				GCC_WARN_ABOUT_RETURN_TYPE = YES_ERROR;
				GCC_WARN_UNDECLARED_SELECTOR = YES;
				GCC_WARN_UNINITIALIZED_AUTOS = YES_AGGRESSIVE;
				GCC_WARN_UNUSED_FUNCTION = YES;
				GCC_WARN_UNUSED_VARIABLE = YES;
				IPHONEOS_DEPLOYMENT_TARGET = 15.0;
				MTL_ENABLE_DEBUG_INFO = NO;
				MTL_FAST_MATH = YES;
				SDKROOT = iphoneos;
				SWIFT_COMPILATION_MODE = wholemodule;
				SWIFT_OPTIMIZATION_LEVEL = "-O";
				VALIDATE_PRODUCT = YES;
			};
			name = Release;
		};
		C157B14E2806E075008BA49D /* Debug */ = {
			isa = XCBuildConfiguration;
			buildSettings = {
				ASSETCATALOG_COMPILER_APPICON_NAME = AppIcon;
				ASSETCATALOG_COMPILER_GLOBAL_ACCENT_COLOR_NAME = AccentColor;
				CODE_SIGN_STYLE = Automatic;
				CURRENT_PROJECT_VERSION = 1;
				DEVELOPMENT_TEAM = LR4QG85CZD;
				GENERATE_INFOPLIST_FILE = YES;
				INFOPLIST_FILE = MVVM_DelegateProtocol/Info.plist;
				INFOPLIST_KEY_UIApplicationSupportsIndirectInputEvents = YES;
				INFOPLIST_KEY_UILaunchStoryboardName = LaunchScreen;
				INFOPLIST_KEY_UIMainStoryboardFile = Main;
				INFOPLIST_KEY_UISupportedInterfaceOrientations_iPad = "UIInterfaceOrientationPortrait UIInterfaceOrientationPortraitUpsideDown UIInterfaceOrientationLandscapeLeft UIInterfaceOrientationLandscapeRight";
				INFOPLIST_KEY_UISupportedInterfaceOrientations_iPhone = "UIInterfaceOrientationPortrait UIInterfaceOrientationLandscapeLeft UIInterfaceOrientationLandscapeRight";
				LD_RUNPATH_SEARCH_PATHS = (
					"$(inherited)",
					"@executable_path/Frameworks",
				);
				MARKETING_VERSION = 1.0;
				PRODUCT_BUNDLE_IDENTIFIER = "mallikarjun.MVVM-DelegateProtocol";
				PRODUCT_NAME = "$(TARGET_NAME)";
				SWIFT_EMIT_LOC_STRINGS = YES;
				SWIFT_VERSION = 5.0;
				TARGETED_DEVICE_FAMILY = "1,2";
			};
			name = Debug;
		};
		C157B14F2806E075008BA49D /* Release */ = {
			isa = XCBuildConfiguration;
			buildSettings = {
				ASSETCATALOG_COMPILER_APPICON_NAME = AppIcon;
				ASSETCATALOG_COMPILER_GLOBAL_ACCENT_COLOR_NAME = AccentColor;
				CODE_SIGN_STYLE = Automatic;
				CURRENT_PROJECT_VERSION = 1;
				DEVELOPMENT_TEAM = LR4QG85CZD;
				GENERATE_INFOPLIST_FILE = YES;
				INFOPLIST_FILE = MVVM_DelegateProtocol/Info.plist;
				INFOPLIST_KEY_UIApplicationSupportsIndirectInputEvents = YES;
				INFOPLIST_KEY_UILaunchStoryboardName = LaunchScreen;
				INFOPLIST_KEY_UIMainStoryboardFile = Main;
				INFOPLIST_KEY_UISupportedInterfaceOrientations_iPad = "UIInterfaceOrientationPortrait UIInterfaceOrientationPortraitUpsideDown UIInterfaceOrientationLandscapeLeft UIInterfaceOrientationLandscapeRight";
				INFOPLIST_KEY_UISupportedInterfaceOrientations_iPhone = "UIInterfaceOrientationPortrait UIInterfaceOrientationLandscapeLeft UIInterfaceOrientationLandscapeRight";
				LD_RUNPATH_SEARCH_PATHS = (
					"$(inherited)",
					"@executable_path/Frameworks",
				);
				MARKETING_VERSION = 1.0;
				PRODUCT_BUNDLE_IDENTIFIER = "mallikarjun.MVVM-DelegateProtocol";
				PRODUCT_NAME = "$(TARGET_NAME)";
				SWIFT_EMIT_LOC_STRINGS = YES;
				SWIFT_VERSION = 5.0;
				TARGETED_DEVICE_FAMILY = "1,2";
			};
			name = Release;
		};
/* End XCBuildConfiguration section */

/* Begin XCConfigurationList section */
		C157B1342806E060008BA49D /* Build configuration list for PBXProject "MVVM_DelegateProtocol" */ = {
			isa = XCConfigurationList;
			buildConfigurations = (
				C157B14B2806E075008BA49D /* Debug */,
				C157B14C2806E075008BA49D /* Release */,
			);
			defaultConfigurationIsVisible = 0;
			defaultConfigurationName = Release;
		};
		C157B14D2806E075008BA49D /* Build configuration list for PBXNativeTarget "MVVM_DelegateProtocol" */ = {
			isa = XCConfigurationList;
			buildConfigurations = (
				C157B14E2806E075008BA49D /* Debug */,
				C157B14F2806E075008BA49D /* Release */,
			);
			defaultConfigurationIsVisible = 0;
			defaultConfigurationName = Release;
		};
/* End XCConfigurationList section */
	};
	rootObject = C157B1312806E060008BA49D /* Project object */;
}
